// !$*UTF8*$!
{
	archiveVersion = 1;
	classes = {
	};
	objectVersion = 46;
	objects = {

/* Begin PBXBuildFile section */
		427EAD6723CCDA43C482D593 /* Pods_Social_App.framework in Frameworks */ = {isa = PBXBuildFile; fileRef = 00DA52950701EB8B5949859E /* Pods_Social_App.framework */; };
		F7CBD7091DEB8E3500CDF691 /* AppDelegate.swift in Sources */ = {isa = PBXBuildFile; fileRef = F7CBD7081DEB8E3500CDF691 /* AppDelegate.swift */; };
		F7CBD70B1DEB8E3500CDF691 /* SignInVC.swift in Sources */ = {isa = PBXBuildFile; fileRef = F7CBD70A1DEB8E3500CDF691 /* SignInVC.swift */; };
		F7CBD70E1DEB8E3500CDF691 /* Main.storyboard in Resources */ = {isa = PBXBuildFile; fileRef = F7CBD70C1DEB8E3500CDF691 /* Main.storyboard */; };
		F7CBD7101DEB8E3500CDF691 /* Assets.xcassets in Resources */ = {isa = PBXBuildFile; fileRef = F7CBD70F1DEB8E3500CDF691 /* Assets.xcassets */; };
		F7CBD7131DEB8E3500CDF691 /* LaunchScreen.storyboard in Resources */ = {isa = PBXBuildFile; fileRef = F7CBD7111DEB8E3500CDF691 /* LaunchScreen.storyboard */; };
		F7CBD71B1DEB90EE00CDF691 /* GoogleService-Info.plist in Resources */ = {isa = PBXBuildFile; fileRef = F7CBD71A1DEB90EE00CDF691 /* GoogleService-Info.plist */; };
		F7CBD7211DEB94CC00CDF691 /* Constants.swift in Sources */ = {isa = PBXBuildFile; fileRef = F7CBD7201DEB94CC00CDF691 /* Constants.swift */; };
		F7CBD7261DEB94F300CDF691 /* FancyView.swift in Sources */ = {isa = PBXBuildFile; fileRef = F7CBD7221DEB94F300CDF691 /* FancyView.swift */; };
		F7CBD7271DEB94F300CDF691 /* RoundButton.swift in Sources */ = {isa = PBXBuildFile; fileRef = F7CBD7231DEB94F300CDF691 /* RoundButton.swift */; };
		F7CBD7281DEB94F300CDF691 /* FancyTextField.swift in Sources */ = {isa = PBXBuildFile; fileRef = F7CBD7241DEB94F300CDF691 /* FancyTextField.swift */; };
		F7CBD7291DEB94F300CDF691 /* FancyButton.swift in Sources */ = {isa = PBXBuildFile; fileRef = F7CBD7251DEB94F300CDF691 /* FancyButton.swift */; };
/* End PBXBuildFile section */

/* Begin PBXFileReference section */
		00DA52950701EB8B5949859E /* Pods_Social_App.framework */ = {isa = PBXFileReference; explicitFileType = wrapper.framework; includeInIndex = 0; path = Pods_Social_App.framework; sourceTree = BUILT_PRODUCTS_DIR; };
		11B34264B1D1959134AF1A17 /* Pods-Social App.release.xcconfig */ = {isa = PBXFileReference; includeInIndex = 1; lastKnownFileType = text.xcconfig; name = "Pods-Social App.release.xcconfig"; path = "Pods/Target Support Files/Pods-Social App/Pods-Social App.release.xcconfig"; sourceTree = "<group>"; };
		C138C07EE428CADDCA18150F /* Pods-Social App.debug.xcconfig */ = {isa = PBXFileReference; includeInIndex = 1; lastKnownFileType = text.xcconfig; name = "Pods-Social App.debug.xcconfig"; path = "Pods/Target Support Files/Pods-Social App/Pods-Social App.debug.xcconfig"; sourceTree = "<group>"; };
		F7CBD7051DEB8E3500CDF691 /* Social App.app */ = {isa = PBXFileReference; explicitFileType = wrapper.application; includeInIndex = 0; path = "Social App.app"; sourceTree = BUILT_PRODUCTS_DIR; };
		F7CBD7081DEB8E3500CDF691 /* AppDelegate.swift */ = {isa = PBXFileReference; lastKnownFileType = sourcecode.swift; path = AppDelegate.swift; sourceTree = "<group>"; };
		F7CBD70A1DEB8E3500CDF691 /* SignInVC.swift */ = {isa = PBXFileReference; lastKnownFileType = sourcecode.swift; path = SignInVC.swift; sourceTree = "<group>"; };
		F7CBD70D1DEB8E3500CDF691 /* Base */ = {isa = PBXFileReference; lastKnownFileType = file.storyboard; name = Base; path = Base.lproj/Main.storyboard; sourceTree = "<group>"; };
		F7CBD70F1DEB8E3500CDF691 /* Assets.xcassets */ = {isa = PBXFileReference; lastKnownFileType = folder.assetcatalog; path = Assets.xcassets; sourceTree = "<group>"; };
		F7CBD7121DEB8E3500CDF691 /* Base */ = {isa = PBXFileReference; lastKnownFileType = file.storyboard; name = Base; path = Base.lproj/LaunchScreen.storyboard; sourceTree = "<group>"; };
		F7CBD7141DEB8E3500CDF691 /* Info.plist */ = {isa = PBXFileReference; lastKnownFileType = text.plist.xml; path = Info.plist; sourceTree = "<group>"; };
		F7CBD71A1DEB90EE00CDF691 /* GoogleService-Info.plist */ = {isa = PBXFileReference; fileEncoding = 4; lastKnownFileType = text.plist.xml; path = "GoogleService-Info.plist"; sourceTree = "<group>"; };
		F7CBD7201DEB94CC00CDF691 /* Constants.swift */ = {isa = PBXFileReference; fileEncoding = 4; lastKnownFileType = sourcecode.swift; path = Constants.swift; sourceTree = "<group>"; };
		F7CBD7221DEB94F300CDF691 /* FancyView.swift */ = {isa = PBXFileReference; fileEncoding = 4; lastKnownFileType = sourcecode.swift; path = FancyView.swift; sourceTree = "<group>"; };
		F7CBD7231DEB94F300CDF691 /* RoundButton.swift */ = {isa = PBXFileReference; fileEncoding = 4; lastKnownFileType = sourcecode.swift; path = RoundButton.swift; sourceTree = "<group>"; };
		F7CBD7241DEB94F300CDF691 /* FancyTextField.swift */ = {isa = PBXFileReference; fileEncoding = 4; lastKnownFileType = sourcecode.swift; path = FancyTextField.swift; sourceTree = "<group>"; };
		F7CBD7251DEB94F300CDF691 /* FancyButton.swift */ = {isa = PBXFileReference; fileEncoding = 4; lastKnownFileType = sourcecode.swift; path = FancyButton.swift; sourceTree = "<group>"; };
/* End PBXFileReference section */

/* Begin PBXFrameworksBuildPhase section */
		F7CBD7021DEB8E3500CDF691 /* Frameworks */ = {
			isa = PBXFrameworksBuildPhase;
			buildActionMask = 2147483647;
			files = (
				427EAD6723CCDA43C482D593 /* Pods_Social_App.framework in Frameworks */,
			);
			runOnlyForDeploymentPostprocessing = 0;
		};
/* End PBXFrameworksBuildPhase section */

/* Begin PBXGroup section */
		AC1A7069940EC276421E2474 /* Pods */ = {
			isa = PBXGroup;
			children = (
				C138C07EE428CADDCA18150F /* Pods-Social App.debug.xcconfig */,
				11B34264B1D1959134AF1A17 /* Pods-Social App.release.xcconfig */,
			);
			name = Pods;
			sourceTree = "<group>";
		};
		C08CC966EFCDF303ABD55B29 /* Frameworks */ = {
			isa = PBXGroup;
			children = (
				00DA52950701EB8B5949859E /* Pods_Social_App.framework */,
			);
			name = Frameworks;
			sourceTree = "<group>";
		};
		F7CBD6FC1DEB8E3500CDF691 = {
			isa = PBXGroup;
			children = (
				F7CBD7071DEB8E3500CDF691 /* Social App */,
				F7CBD7061DEB8E3500CDF691 /* Products */,
				AC1A7069940EC276421E2474 /* Pods */,
				C08CC966EFCDF303ABD55B29 /* Frameworks */,
			);
			sourceTree = "<group>";
		};
		F7CBD7061DEB8E3500CDF691 /* Products */ = {
			isa = PBXGroup;
			children = (
				F7CBD7051DEB8E3500CDF691 /* Social App.app */,
			);
			name = Products;
			sourceTree = "<group>";
		};
		F7CBD7071DEB8E3500CDF691 /* Social App */ = {
			isa = PBXGroup;
			children = (
				F7CBD71F1DEB94BF00CDF691 /* Utils */,
				F7CBD71E1DEB94B800CDF691 /* Views */,
				F7CBD71D1DEB94AB00CDF691 /* Models */,
				F7CBD71C1DEB94A200CDF691 /* Controllers */,
				F7CBD7081DEB8E3500CDF691 /* AppDelegate.swift */,
				F7CBD70C1DEB8E3500CDF691 /* Main.storyboard */,
				F7CBD70F1DEB8E3500CDF691 /* Assets.xcassets */,
				F7CBD7111DEB8E3500CDF691 /* LaunchScreen.storyboard */,
				F7CBD7141DEB8E3500CDF691 /* Info.plist */,
				F7CBD71A1DEB90EE00CDF691 /* GoogleService-Info.plist */,
			);
			path = "Social App";
			sourceTree = "<group>";
		};
		F7CBD71C1DEB94A200CDF691 /* Controllers */ = {
			isa = PBXGroup;
			children = (
				F7CBD70A1DEB8E3500CDF691 /* SignInVC.swift */,
			);
			name = Controllers;
			sourceTree = "<group>";
		};
		F7CBD71D1DEB94AB00CDF691 /* Models */ = {
			isa = PBXGroup;
			children = (
			);
			name = Models;
			sourceTree = "<group>";
		};
		F7CBD71E1DEB94B800CDF691 /* Views */ = {
			isa = PBXGroup;
			children = (
				F7CBD7221DEB94F300CDF691 /* FancyView.swift */,
				F7CBD7231DEB94F300CDF691 /* RoundButton.swift */,
				F7CBD7241DEB94F300CDF691 /* FancyTextField.swift */,
				F7CBD7251DEB94F300CDF691 /* FancyButton.swift */,
			);
			name = Views;
			sourceTree = "<group>";
		};
		F7CBD71F1DEB94BF00CDF691 /* Utils */ = {
			isa = PBXGroup;
			children = (
				F7CBD7201DEB94CC00CDF691 /* Constants.swift */,
			);
			name = Utils;
			sourceTree = "<group>";
		};
/* End PBXGroup section */

/* Begin PBXNativeTarget section */
		F7CBD7041DEB8E3500CDF691 /* Social App */ = {
			isa = PBXNativeTarget;
			buildConfigurationList = F7CBD7171DEB8E3500CDF691 /* Build configuration list for PBXNativeTarget "Social App" */;
			buildPhases = (
				34FBDF35AEC2AB1720EFE037 /* [CP] Check Pods Manifest.lock */,
				F7CBD7011DEB8E3500CDF691 /* Sources */,
				F7CBD7021DEB8E3500CDF691 /* Frameworks */,
				F7CBD7031DEB8E3500CDF691 /* Resources */,
				1449003AD619FE79F0A05E5C /* [CP] Embed Pods Frameworks */,
				63D1CFEE382F2175DA282FC7 /* [CP] Copy Pods Resources */,
			);
			buildRules = (
			);
			dependencies = (
			);
			name = "Social App";
			productName = "Social App";
			productReference = F7CBD7051DEB8E3500CDF691 /* Social App.app */;
			productType = "com.apple.product-type.application";
		};
/* End PBXNativeTarget section */

/* Begin PBXProject section */
		F7CBD6FD1DEB8E3500CDF691 /* Project object */ = {
			isa = PBXProject;
			attributes = {
				LastSwiftUpdateCheck = 0810;
				LastUpgradeCheck = 0810;
				ORGANIZATIONNAME = Briantiumapps;
				TargetAttributes = {
					F7CBD7041DEB8E3500CDF691 = {
						CreatedOnToolsVersion = 8.1;
						DevelopmentTeam = M6SQFZFBGP;
						ProvisioningStyle = Automatic;
					};
				};
			};
			buildConfigurationList = F7CBD7001DEB8E3500CDF691 /* Build configuration list for PBXProject "Social App" */;
			compatibilityVersion = "Xcode 3.2";
			developmentRegion = English;
			hasScannedForEncodings = 0;
			knownRegions = (
				en,
				Base,
			);
			mainGroup = F7CBD6FC1DEB8E3500CDF691;
			productRefGroup = F7CBD7061DEB8E3500CDF691 /* Products */;
			projectDirPath = "";
			projectRoot = "";
			targets = (
				F7CBD7041DEB8E3500CDF691 /* Social App */,
			);
		};
/* End PBXProject section */

/* Begin PBXResourcesBuildPhase section */
		F7CBD7031DEB8E3500CDF691 /* Resources */ = {
			isa = PBXResourcesBuildPhase;
			buildActionMask = 2147483647;
			files = (
				F7CBD7131DEB8E3500CDF691 /* LaunchScreen.storyboard in Resources */,
				F7CBD71B1DEB90EE00CDF691 /* GoogleService-Info.plist in Resources */,
				F7CBD7101DEB8E3500CDF691 /* Assets.xcassets in Resources */,
				F7CBD70E1DEB8E3500CDF691 /* Main.storyboard in Resources */,
			);
			runOnlyForDeploymentPostprocessing = 0;
		};
/* End PBXResourcesBuildPhase section */

/* Begin PBXShellScriptBuildPhase section */
		1449003AD619FE79F0A05E5C /* [CP] Embed Pods Frameworks */ = {
			isa = PBXShellScriptBuildPhase;
			buildActionMask = 2147483647;
			files = (
			);
			inputPaths = (
			);
			name = "[CP] Embed Pods Frameworks";
			outputPaths = (
			);
			runOnlyForDeploymentPostprocessing = 0;
			shellPath = /bin/sh;
			shellScript = "\"${SRCROOT}/Pods/Target Support Files/Pods-Social App/Pods-Social App-frameworks.sh\"\n";
			showEnvVarsInLog = 0;
		};
		34FBDF35AEC2AB1720EFE037 /* [CP] Check Pods Manifest.lock */ = {
			isa = PBXShellScriptBuildPhase;
			buildActionMask = 2147483647;
			files = (
			);
			inputPaths = (
			);
			name = "[CP] Check Pods Manifest.lock";
			outputPaths = (
			);
			runOnlyForDeploymentPostprocessing = 0;
			shellPath = /bin/sh;
			shellScript = "diff \"${PODS_ROOT}/../Podfile.lock\" \"${PODS_ROOT}/Manifest.lock\" > /dev/null\nif [ $? != 0 ] ; then\n    # print error to STDERR\n    echo \"error: The sandbox is not in sync with the Podfile.lock. Run 'pod install' or update your CocoaPods installation.\" >&2\n    exit 1\nfi\n";
			showEnvVarsInLog = 0;
		};
		63D1CFEE382F2175DA282FC7 /* [CP] Copy Pods Resources */ = {
			isa = PBXShellScriptBuildPhase;
			buildActionMask = 2147483647;
			files = (
			);
			inputPaths = (
			);
			name = "[CP] Copy Pods Resources";
			outputPaths = (
			);
			runOnlyForDeploymentPostprocessing = 0;
			shellPath = /bin/sh;
			shellScript = "\"${SRCROOT}/Pods/Target Support Files/Pods-Social App/Pods-Social App-resources.sh\"\n";
			showEnvVarsInLog = 0;
		};
/* End PBXShellScriptBuildPhase section */

/* Begin PBXSourcesBuildPhase section */
		F7CBD7011DEB8E3500CDF691 /* Sources */ = {
			isa = PBXSourcesBuildPhase;
			buildActionMask = 2147483647;
			files = (
				F7CBD70B1DEB8E3500CDF691 /* SignInVC.swift in Sources */,
				F7CBD7271DEB94F300CDF691 /* RoundButton.swift in Sources */,
				F7CBD7091DEB8E3500CDF691 /* AppDelegate.swift in Sources */,
				F7CBD7291DEB94F300CDF691 /* FancyButton.swift in Sources */,
				F7CBD7281DEB94F300CDF691 /* FancyTextField.swift in Sources */,
				F7CBD7261DEB94F300CDF691 /* FancyView.swift in Sources */,
				F7CBD7211DEB94CC00CDF691 /* Constants.swift in Sources */,
			);
			runOnlyForDeploymentPostprocessing = 0;
		};
/* End PBXSourcesBuildPhase section */

/* Begin PBXVariantGroup section */
		F7CBD70C1DEB8E3500CDF691 /* Main.storyboard */ = {
			isa = PBXVariantGroup;
			children = (
				F7CBD70D1DEB8E3500CDF691 /* Base */,
			);
			name = Main.storyboard;
			sourceTree = "<group>";
		};
		F7CBD7111DEB8E3500CDF691 /* LaunchScreen.storyboard */ = {
			isa = PBXVariantGroup;
			children = (
				F7CBD7121DEB8E3500CDF691 /* Base */,
			);
			name = LaunchScreen.storyboard;
			sourceTree = "<group>";
		};
/* End PBXVariantGroup section */

/* Begin XCBuildConfiguration section */
		F7CBD7151DEB8E3500CDF691 /* Debug */ = {
			isa = XCBuildConfiguration;
			buildSettings = {
				ALWAYS_SEARCH_USER_PATHS = NO;
				CLANG_ANALYZER_NONNULL = YES;
				CLANG_CXX_LANGUAGE_STANDARD = "gnu++0x";
				CLANG_CXX_LIBRARY = "libc++";
				CLANG_ENABLE_MODULES = YES;
				CLANG_ENABLE_OBJC_ARC = YES;
				CLANG_WARN_BOOL_CONVERSION = YES;
				CLANG_WARN_CONSTANT_CONVERSION = YES;
				CLANG_WARN_DIRECT_OBJC_ISA_USAGE = YES_ERROR;
				CLANG_WARN_DOCUMENTATION_COMMENTS = YES;
				CLANG_WARN_EMPTY_BODY = YES;
				CLANG_WARN_ENUM_CONVERSION = YES;
				CLANG_WARN_INFINITE_RECURSION = YES;
				CLANG_WARN_INT_CONVERSION = YES;
				CLANG_WARN_OBJC_ROOT_CLASS = YES_ERROR;
				CLANG_WARN_SUSPICIOUS_MOVES = YES;
				CLANG_WARN_UNREACHABLE_CODE = YES;
				CLANG_WARN__DUPLICATE_METHOD_MATCH = YES;
				"CODE_SIGN_IDENTITY[sdk=iphoneos*]" = "iPhone Developer";
				COPY_PHASE_STRIP = NO;
				DEBUG_INFORMATION_FORMAT = dwarf;
				ENABLE_STRICT_OBJC_MSGSEND = YES;
				ENABLE_TESTABILITY = YES;
				GCC_C_LANGUAGE_STANDARD = gnu99;
				GCC_DYNAMIC_NO_PIC = NO;
				GCC_NO_COMMON_BLOCKS = YES;
				GCC_OPTIMIZATION_LEVEL = 0;
				GCC_PREPROCESSOR_DEFINITIONS = (
					"DEBUG=1",
					"$(inherited)",
				);
				GCC_WARN_64_TO_32_BIT_CONVERSION = YES;
				GCC_WARN_ABOUT_RETURN_TYPE = YES_ERROR;
				GCC_WARN_UNDECLARED_SELECTOR = YES;
				GCC_WARN_UNINITIALIZED_AUTOS = YES_AGGRESSIVE;
				GCC_WARN_UNUSED_FUNCTION = YES;
				GCC_WARN_UNUSED_VARIABLE = YES;
				IPHONEOS_DEPLOYMENT_TARGET = 10.1;
				MTL_ENABLE_DEBUG_INFO = YES;
				ONLY_ACTIVE_ARCH = YES;
				SDKROOT = iphoneos;
				SWIFT_ACTIVE_COMPILATION_CONDITIONS = DEBUG;
				SWIFT_OPTIMIZATION_LEVEL = "-Onone";
			};
			name = Debug;
		};
		F7CBD7161DEB8E3500CDF691 /* Release */ = {
			isa = XCBuildConfiguration;
			buildSettings = {
				ALWAYS_SEARCH_USER_PATHS = NO;
				CLANG_ANALYZER_NONNULL = YES;
				CLANG_CXX_LANGUAGE_STANDARD = "gnu++0x";
				CLANG_CXX_LIBRARY = "libc++";
				CLANG_ENABLE_MODULES = YES;
				CLANG_ENABLE_OBJC_ARC = YES;
				CLANG_WARN_BOOL_CONVERSION = YES;
				CLANG_WARN_CONSTANT_CONVERSION = YES;
				CLANG_WARN_DIRECT_OBJC_ISA_USAGE = YES_ERROR;
				CLANG_WARN_DOCUMENTATION_COMMENTS = YES;
				CLANG_WARN_EMPTY_BODY = YES;
				CLANG_WARN_ENUM_CONVERSION = YES;
				CLANG_WARN_INFINITE_RECURSION = YES;
				CLANG_WARN_INT_CONVERSION = YES;
				CLANG_WARN_OBJC_ROOT_CLASS = YES_ERROR;
				CLANG_WARN_SUSPICIOUS_MOVES = YES;
				CLANG_WARN_UNREACHABLE_CODE = YES;
				CLANG_WARN__DUPLICATE_METHOD_MATCH = YES;
				"CODE_SIGN_IDENTITY[sdk=iphoneos*]" = "iPhone Developer";
				COPY_PHASE_STRIP = NO;
				DEBUG_INFORMATION_FORMAT = "dwarf-with-dsym";
				ENABLE_NS_ASSERTIONS = NO;
				ENABLE_STRICT_OBJC_MSGSEND = YES;
				GCC_C_LANGUAGE_STANDARD = gnu99;
				GCC_NO_COMMON_BLOCKS = YES;
				GCC_WARN_64_TO_32_BIT_CONVERSION = YES;
				GCC_WARN_ABOUT_RETURN_TYPE = YES_ERROR;
				GCC_WARN_UNDECLARED_SELECTOR = YES;
				GCC_WARN_UNINITIALIZED_AUTOS = YES_AGGRESSIVE;
				GCC_WARN_UNUSED_FUNCTION = YES;
				GCC_WARN_UNUSED_VARIABLE = YES;
				IPHONEOS_DEPLOYMENT_TARGET = 10.1;
				MTL_ENABLE_DEBUG_INFO = NO;
				SDKROOT = iphoneos;
				SWIFT_OPTIMIZATION_LEVEL = "-Owholemodule";
				VALIDATE_PRODUCT = YES;
			};
			name = Release;
		};
		F7CBD7181DEB8E3500CDF691 /* Debug */ = {
			isa = XCBuildConfiguration;
			baseConfigurationReference = C138C07EE428CADDCA18150F /* Pods-Social App.debug.xcconfig */;
			buildSettings = {
				ASSETCATALOG_COMPILER_APPICON_NAME = AppIcon;
				DEVELOPMENT_TEAM = M6SQFZFBGP;
				INFOPLIST_FILE = "Social App/Info.plist";
				LD_RUNPATH_SEARCH_PATHS = "$(inherited) @executable_path/Frameworks";
				PRODUCT_BUNDLE_IDENTIFIER = "com.briantiumapps.Social-App";
				PRODUCT_NAME = "$(TARGET_NAME)";
				SWIFT_VERSION = 3.0;
			};
			name = Debug;
		};
		F7CBD7191DEB8E3500CDF691 /* Release */ = {
			isa = XCBuildConfiguration;
			baseConfigurationReference = 11B34264B1D1959134AF1A17 /* Pods-Social App.release.xcconfig */;
			buildSettings = {
				ASSETCATALOG_COMPILER_APPICON_NAME = AppIcon;
				DEVELOPMENT_TEAM = M6SQFZFBGP;
				INFOPLIST_FILE = "Social App/Info.plist";
				LD_RUNPATH_SEARCH_PATHS = "$(inherited) @executable_path/Frameworks";
				PRODUCT_BUNDLE_IDENTIFIER = "com.briantiumapps.Social-App";
				PRODUCT_NAME = "$(TARGET_NAME)";
				SWIFT_VERSION = 3.0;
			};
			name = Release;
		};
/* End XCBuildConfiguration section */

/* Begin XCConfigurationList section */
		F7CBD7001DEB8E3500CDF691 /* Build configuration list for PBXProject "Social App" */ = {
			isa = XCConfigurationList;
			buildConfigurations = (
				F7CBD7151DEB8E3500CDF691 /* Debug */,
				F7CBD7161DEB8E3500CDF691 /* Release */,
			);
			defaultConfigurationIsVisible = 0;
			defaultConfigurationName = Release;
		};
		F7CBD7171DEB8E3500CDF691 /* Build configuration list for PBXNativeTarget "Social App" */ = {
			isa = XCConfigurationList;
			buildConfigurations = (
				F7CBD7181DEB8E3500CDF691 /* Debug */,
				F7CBD7191DEB8E3500CDF691 /* Release */,
			);
			defaultConfigurationIsVisible = 0;
			defaultConfigurationName = Release;
		};
/* End XCConfigurationList section */
	};
	rootObject = F7CBD6FD1DEB8E3500CDF691 /* Project object */;
}
